
Microsoft Visual Studio Solution File, Format Version 11.00
# Visual Studio 2010
# SharpDevelop 5.2
Project("{FAE04EC0-301F-11D3-BF4B-00C04F79EFBC}") = "BankWeb", "BankWeb\BankWeb.csproj", "{CE23AE97-8F17-40A9-9715-AE2B251A3471}"
EndProject
Global
	GlobalSection(SolutionConfigurationPlatforms) = preSolution
		Debug|Any CPU = Debug|Any CPU
		Release|Any CPU = Release|Any CPU
	EndGlobalSection
	GlobalSection(ProjectConfigurationPlatforms) = postSolution
		{CE23AE97-8F17-40A9-9715-AE2B251A3471}.Debug|Any CPU.ActiveCfg = Debug|Any CPU
		{CE23AE97-8F17-40A9-9715-AE2B251A3471}.Debug|Any CPU.Build.0 = Debug|Any CPU
		{CE23AE97-8F17-40A9-9715-AE2B251A3471}.Release|Any CPU.ActiveCfg = Release|Any CPU
		{CE23AE97-8F17-40A9-9715-AE2B251A3471}.Release|Any CPU.Build.0 = Release|Any CPU
	EndGlobalSection
EndGlobal
