
Microsoft Visual Studio Solution File, Format Version 12.00
# Visual Studio 2012
# SharpDevelop 5.1
VisualStudioVersion = 12.0.20827.3
MinimumVisualStudioVersion = 10.0.40219.1
Project("{FAE04EC0-301F-11D3-BF4B-00C04F79EFBC}") = "ObserverPattern", "ObserverPattern\ObserverPattern.csproj", "{7C02D7E9-4DCC-4DFC-AC5E-9507D83871B9}"
EndProject
Global
	GlobalSection(SolutionConfigurationPlatforms) = preSolution
		Debug|Any CPU = Debug|Any CPU
		Release|Any CPU = Release|Any CPU
	EndGlobalSection
	GlobalSection(ProjectConfigurationPlatforms) = postSolution
		{7C02D7E9-4DCC-4DFC-AC5E-9507D83871B9}.Debug|Any CPU.ActiveCfg = Debug|Any CPU
		{7C02D7E9-4DCC-4DFC-AC5E-9507D83871B9}.Debug|Any CPU.Build.0 = Debug|Any CPU
		{7C02D7E9-4DCC-4DFC-AC5E-9507D83871B9}.Release|Any CPU.ActiveCfg = Release|Any CPU
		{7C02D7E9-4DCC-4DFC-AC5E-9507D83871B9}.Release|Any CPU.Build.0 = Release|Any CPU
	EndGlobalSection
EndGlobal
